{
  "name": "opencode-contexty",
  "version": "1.0.0",
  "lockfileVersion": 3,
  "requires": true,
  "packages": {
    "": {
      "name": "opencode-contexty",
      "version": "1.0.0",
      "dependencies": {
        "@opencode-ai/plugin": "latest",
        "zod": "^4.3.6"
      },
      "devDependencies": {
        "bun-types": "latest",
        "typescript": "^5.4.0"
      },
      "engines": {
        "node": ">=18.0.0"
      }
    },
    "node_modules/@opencode-ai/plugin": {
      "version": "1.1.34",
      "resolved": "https://registry.npmjs.org/@opencode-ai/plugin/-/plugin-1.1.34.tgz",
      "integrity": "sha512-TvIvhO5ZcQRZL9Un/9Mntg/JtbYyPEvLuWkCZSjt8jbtYmUQJtqPVaKyfWOhFvyaGUjjde4lwWBvKwGWZRwo1w==",
      "license": "MIT",
      "dependencies": {
        "@opencode-ai/sdk": "1.1.34",
        "zod": "4.1.8"
      }
    },
    "node_modules/@opencode-ai/plugin/node_modules/zod": {
      "version": "4.1.8",
      "resolved": "https://registry.npmjs.org/zod/-/zod-4.1.8.tgz",
      "integrity": "sha512-5R1P+WwQqmmMIEACyzSvo4JXHY5WiAFHRMg+zBZKgKS+Q1viRa0C1hmUKtHltoIFKtIdki3pRxkmpP74jnNYHQ==",
      "license": "MIT",
      "funding": {
        "url": "https://github.com/sponsors/colinhacks"
      }
    },
    "node_modules/@opencode-ai/sdk": {
      "version": "1.1.34",
      "resolved": "https://registry.npmjs.org/@opencode-ai/sdk/-/sdk-1.1.34.tgz",
      "integrity": "sha512-ToR20PJSiuLEY2WnJpBH8X1qmfCcmSoP4qk/TXgIr/yDnmlYmhCwk2ruA540RX4A2hXi2LJXjAqpjeRxxtLNCQ==",
      "license": "MIT"
    },
    "node_modules/@types/node": {
      "version": "25.0.10",
      "resolved": "https://registry.npmjs.org/@types/node/-/node-25.0.10.tgz",
      "integrity": "sha512-zWW5KPngR/yvakJgGOmZ5vTBemDoSqF3AcV/LrO5u5wTWyEAVVh+IT39G4gtyAkh3CtTZs8aX/yRM82OfzHJRg==",
      "dev": true,
      "license": "MIT",
      "dependencies": {
        "undici-types": "~7.16.0"
      }
    },
    "node_modules/bun-types": {
      "version": "1.3.6",
      "resolved": "https://registry.npmjs.org/bun-types/-/bun-types-1.3.6.tgz",
      "integrity": "sha512-OlFwHcnNV99r//9v5IIOgQ9Uk37gZqrNMCcqEaExdkVq3Avwqok1bJFmvGMCkCE0FqzdY8VMOZpfpR3lwI+CsQ==",
      "dev": true,
      "license": "MIT",
      "dependencies": {
        "@types/node": "*"
      }
    },
    "node_modules/typescript": {
      "version": "5.9.3",
      "resolved": "https://registry.npmjs.org/typescript/-/typescript-5.9.3.tgz",
      "integrity": "sha512-jl1vZzPDinLr9eUt3J/t7V6FgNEw9QjvBPdysz9KfQDD41fQrC2Y4vKQdiaUpFT4bXlb1RHhLpp8wtm6M5TgSw==",
      "dev": true,
      "license": "Apache-2.0",
      "bin": {
        "tsc": "bin/tsc",
        "tsserver": "bin/tsserver"
      },
      "engines": {
        "node": ">=14.17"
      }
    },
    "node_modules/undici-types": {
      "version": "7.16.0",
      "resolved": "https://registry.npmjs.org/undici-types/-/undici-types-7.16.0.tgz",
      "integrity": "sha512-Zz+aZWSj8LE6zoxD+xrjh4VfkIG8Ya6LvYkZqtUQGJPZjYl53ypCaUwWqo7eI0x66KBGeRo+mlBEkMSeSZ38Nw==",
      "dev": true,
      "license": "MIT"
    },
    "node_modules/zod": {
      "version": "4.3.6",
      "resolved": "https://registry.npmjs.org/zod/-/zod-4.3.6.tgz",
      "integrity": "sha512-rftlrkhHZOcjDwkGlnUtZZkvaPHCsDATp4pGpuOOMDaTdDDXF91wuVDJoWoPsKX/3YPQ5fHuF3STjcYyKr+Qhg==",
      "license": "MIT",
      "funding": {
        "url": "https://github.com/sponsors/colinhacks"
      }
    }
  }
}
